{
  "nodes": {
    "algo-ranch": {
      "inputs": {
        "nixpkgs": [
          "nixpkgs"
        ],
        "pyproject-build-systems": "pyproject-build-systems",
        "pyproject-nix": "pyproject-nix",
        "uv2nix": "uv2nix"
      },
      "locked": {
        "lastModified": 1779566807,
        "narHash": "sha256-+dVI4Q6NV15LOTUF4AG3oErG+IUPozE6rU6xC8fZgIQ=",
        "ref": "refs/heads/main",
        "rev": "693781901e51a12bc9da8292b272d48fd357f170",
        "revCount": 10,
        "type": "git",
        "url": "ssh://git@github.com/eliahreeves/algo-ranch.git"
      },
      "original": {
        "type": "git",
        "url": "ssh://git@github.com/eliahreeves/algo-ranch.git"
      }
    },
    "eko": {
      "inputs": {
        "flake-parts": "flake-parts",
        "nixpkgs": "nixpkgs"
      },
      "locked": {
        "lastModified": 1779815759,
        "narHash": "sha256-cl4qbdYpZwVPb0W5QjQCDyVsNwYw3LvIG0Fsu9rpdOY=",
        "owner": "eko-network",
        "repo": "eko",
        "rev": "df728c575f9b7e60bc1f8ee36c30e0ff65ac06c3",
        "type": "github"
      },
      "original": {
        "owner": "eko-network",
        "repo": "eko",
        "type": "github"
      }
    },
    "eko-messenger": {
      "inputs": {
        "nixpkgs": "nixpkgs_2",
        "rust-overlay": "rust-overlay"
      },
      "locked": {
        "lastModified": 1771283566,
        "narHash": "sha256-o1CoomCMoeD8VAJpCjtFU9sdf1BZ7pHaQIRqkDmXvQM=",
        "owner": "eko-network",
        "repo": "eko-messenger",
        "rev": "4f44f53ad191b4e0a57abef0242d688fd240194e",
        "type": "github"
      },
      "original": {
        "owner": "eko-network",
        "repo": "eko-messenger",
        "type": "github"
      }
    },
    "eko-messenger-client": {
      "inputs": {
        "flake-utils": "flake-utils",
        "nixpkgs": "nixpkgs_3"
      },
      "locked": {
        "lastModified": 1771299644,
        "narHash": "sha256-cvVC9UEQnAzaD/wulGE7w6SMk8w9p1o2Hz7Ci67g2l0=",
        "owner": "eko-network",
        "repo": "eko-messenger-client",
        "rev": "2dab37d395574c09207e6fff612ade8ca87d720b",
        "type": "github"
      },
      "original": {
        "owner": "eko-network",
        "repo": "eko-messenger-client",
        "type": "github"
      }
    },
    "flake-compat": {
      "flake": false,
      "locked": {
        "lastModified": 1747046372,
        "narHash": "sha256-CIVLLkVgvHYbgI2UpXvIIBJ12HWgX+fjA8Xf8PUmqCY=",
        "owner": "edolstra",
        "repo": "flake-compat",
        "rev": "9100a0f413b0c601e0533d1d94ffd501ce2e7885",
        "type": "github"
      },
      "original": {
        "owner": "edolstra",
        "repo": "flake-compat",
        "type": "github"
      }
    },
    "flake-parts": {
      "inputs": {
        "nixpkgs-lib": "nixpkgs-lib"
      },
      "locked": {
        "lastModified": 1775087534,
        "narHash": "sha256-91qqW8lhL7TLwgQWijoGBbiD4t7/q75KTi8NxjVmSmA=",
        "owner": "hercules-ci",
        "repo": "flake-parts",
        "rev": "3107b77cd68437b9a76194f0f7f9c55f2329ca5b",
        "type": "github"
      },
      "original": {
        "owner": "hercules-ci",
        "repo": "flake-parts",
        "type": "github"
      }
    },
    "flake-parts_2": {
      "inputs": {
        "nixpkgs-lib": "nixpkgs-lib_2"
      },
      "locked": {
        "lastModified": 1778716662,
        "narHash": "sha256-m1Yf0wZ8j1OHjTc2UwHwyQRSnNeSgLJOd7q5Y45hzi4=",
        "owner": "hercules-ci",
        "repo": "flake-parts",
        "rev": "f7c1a2d347e4c52d5fb8d10cb4d94b5884e546fb",
        "type": "github"
      },
      "original": {
        "owner": "hercules-ci",
        "repo": "flake-parts",
        "type": "github"
      }
    },
    "flake-parts_3": {
      "inputs": {
        "nixpkgs-lib": [
          "neovim-nightly",
          "nixpkgs"
        ]
      },
      "locked": {
        "lastModified": 1778716662,
        "narHash": "sha256-m1Yf0wZ8j1OHjTc2UwHwyQRSnNeSgLJOd7q5Y45hzi4=",
        "owner": "hercules-ci",
        "repo": "flake-parts",
        "rev": "f7c1a2d347e4c52d5fb8d10cb4d94b5884e546fb",
        "type": "github"
      },
      "original": {
        "owner": "hercules-ci",
        "repo": "flake-parts",
        "type": "github"
      }
    },
    "flake-utils": {
      "inputs": {
        "systems": "systems"
      },
      "locked": {
        "lastModified": 1731533236,
        "narHash": "sha256-l0KFg5HjrsfsO/JpG+r7fRrqm12kzFHyUHqHCVpMMbI=",
        "owner": "numtide",
        "repo": "flake-utils",
        "rev": "11707dc2f618dd54ca8739b309ec4fc024de578b",
        "type": "github"
      },
      "original": {
        "owner": "numtide",
        "repo": "flake-utils",
        "type": "github"
      }
    },
    "home-manager": {
      "inputs": {
        "nixpkgs": [
          "nixpkgs"
        ]
      },
      "locked": {
        "lastModified": 1780408569,
        "narHash": "sha256-s7Tv6FUQThRAvW8En8XVC6HMb0uiikzVccCcCo9u/Bg=",
        "owner": "nix-community",
        "repo": "home-manager",
        "rev": "f384af1bec6423a0d4ba1855917ab948f64e5808",
        "type": "github"
      },
      "original": {
        "owner": "nix-community",
        "repo": "home-manager",
        "type": "github"
      }
    },
    "import-tree": {
      "locked": {
        "lastModified": 1778781969,
        "narHash": "sha256-Jjuz5CmSkur8KvLDoGa+vylEp+RkQtv4mt/qcMznpH0=",
        "owner": "vic",
        "repo": "import-tree",
        "rev": "d321337efd0f23a9eb14a42adb7b2c29313ab274",
        "type": "github"
      },
      "original": {
        "owner": "vic",
        "repo": "import-tree",
        "type": "github"
      }
    },
    "kunifiedpush-flake": {
      "inputs": {
        "nixpkgs": [
          "nixpkgs"
        ]
      },
      "locked": {
        "lastModified": 1778021056,
        "narHash": "sha256-NG46Iec8/ltUhYnfXvD84jGIY2sF+OsiopbtzxegFrE=",
        "owner": "eko-network",
        "repo": "kunifedpush-flake",
        "rev": "eed5ec8106565a2c85242224814ee7be50412a4f",
        "type": "github"
      },
      "original": {
        "owner": "eko-network",
        "repo": "kunifedpush-flake",
        "type": "github"
      }
    },
    "neovim-nightly": {
      "inputs": {
        "flake-parts": "flake-parts_3",
        "neovim-src": "neovim-src",
        "nixpkgs": [
          "nixpkgs"
        ]
      },
      "locked": {
        "lastModified": 1780358691,
        "narHash": "sha256-sqmYDR+LUEbWOR9PWYStMzxvBLdEz4hTJ1mglpjaZnw=",
        "owner": "nix-community",
        "repo": "neovim-nightly-overlay",
        "rev": "c4a4180888faddfeb07535bbca9147c96ccf4cad",
        "type": "github"
      },
      "original": {
        "owner": "nix-community",
        "repo": "neovim-nightly-overlay",
        "type": "github"
      }
    },
    "neovim-src": {
      "flake": false,
      "locked": {
        "lastModified": 1780339018,
        "narHash": "sha256-/zjJZ6NC+3gVOfizs9h/XrBNvgSay8anXYlOET4B0vY=",
        "owner": "neovim",
        "repo": "neovim",
        "rev": "fb5aad1d07d68b3da38bc7ba5c6a7896b3dfcda5",
        "type": "github"
      },
      "original": {
        "owner": "neovim",
        "repo": "neovim",
        "type": "github"
      }
    },
    "nix-index-database": {
      "inputs": {
        "nixpkgs": [
          "nixpkgs"
        ]
      },
      "locked": {
        "lastModified": 1780210899,
        "narHash": "sha256-4axz3OBPTKa6LIkXV8n0lc63MQU+et2CB5DGobEAi6k=",
        "owner": "nix-community",
        "repo": "nix-index-database",
        "rev": "97df9dc0b7c924344b793a15c1e8e4522ebb854e",
        "type": "github"
      },
      "original": {
        "owner": "nix-community",
        "repo": "nix-index-database",
        "type": "github"
      }
    },
    "nix-minecraft": {
      "inputs": {
        "flake-compat": "flake-compat",
        "nixpkgs": [
          "nixpkgs"
        ],
        "systems": "systems_2"
      },
      "locked": {
        "lastModified": 1780375694,
        "narHash": "sha256-TznzgYVONg28KiSFB2rVdf/eLVIMtEQOxKt13Kzyrp8=",
        "owner": "Infinidoge",
        "repo": "nix-minecraft",
        "rev": "e6f8bec35104ca5955efe73742da58d2823684f7",
        "type": "github"
      },
      "original": {
        "owner": "Infinidoge",
        "repo": "nix-minecraft",
        "type": "github"
      }
    },
    "nixpkgs": {
      "locked": {
        "lastModified": 1777268161,
        "narHash": "sha256-bxrdOn8SCOv8tN4JbTF/TXq7kjo9ag4M+C8yzzIRYbE=",
        "owner": "NixOS",
        "repo": "nixpkgs",
        "rev": "1c3fe55ad329cbcb28471bb30f05c9827f724c76",
        "type": "github"
      },
      "original": {
        "owner": "NixOS",
        "ref": "nixos-unstable",
        "repo": "nixpkgs",
        "type": "github"
      }
    },
    "nixpkgs-lib": {
      "locked": {
        "lastModified": 1774748309,
        "narHash": "sha256-+U7gF3qxzwD5TZuANzZPeJTZRHS29OFQgkQ2kiTJBIQ=",
        "owner": "nix-community",
        "repo": "nixpkgs.lib",
        "rev": "333c4e0545a6da976206c74db8773a1645b5870a",
        "type": "github"
      },
      "original": {
        "owner": "nix-community",
        "repo": "nixpkgs.lib",
        "type": "github"
      }
    },
    "nixpkgs-lib_2": {
      "locked": {
        "lastModified": 1777168982,
        "narHash": "sha256-GOkGPcboWE9BmGCRMLX3worL4EMnsnG8MyKmXNeYuhQ=",
        "owner": "nix-community",
        "repo": "nixpkgs.lib",
        "rev": "f5901329dade4a6ea039af1433fb087bd9c1fe14",
        "type": "github"
      },
      "original": {
        "owner": "nix-community",
        "repo": "nixpkgs.lib",
        "type": "github"
      }
    },
    "nixpkgs_2": {
      "locked": {
        "lastModified": 1762111121,
        "narHash": "sha256-4vhDuZ7OZaZmKKrnDpxLZZpGIJvAeMtK6FKLJYUtAdw=",
        "owner": "nixos",
        "repo": "nixpkgs",
        "rev": "b3d51a0365f6695e7dd5cdf3e180604530ed33b4",
        "type": "github"
      },
      "original": {
        "owner": "nixos",
        "ref": "nixos-unstable",
        "repo": "nixpkgs",
        "type": "github"
      }
    },
    "nixpkgs_3": {
      "locked": {
        "lastModified": 1763283776,
        "narHash": "sha256-Y7TDFPK4GlqrKrivOcsHG8xSGqQx3A6c+i7novT85Uk=",
        "owner": "NixOS",
        "repo": "nixpkgs",
        "rev": "50a96edd8d0db6cc8db57dab6bb6d6ee1f3dc49a",
        "type": "github"
      },
      "original": {
        "owner": "NixOS",
        "ref": "nixos-unstable",
        "repo": "nixpkgs",
        "type": "github"
      }
    },
    "nixpkgs_4": {
      "locked": {
        "lastModified": 1780243769,
        "narHash": "sha256-x5UQuRsH3MqI0U9afaXSNqzTPSeZlRLvFAav2Ux1pNw=",
        "owner": "nixos",
        "repo": "nixpkgs",
        "rev": "331800de5053fcebacf6813adb5db9c9dca22a0c",
        "type": "github"
      },
      "original": {
        "owner": "nixos",
        "ref": "nixos-unstable",
        "repo": "nixpkgs",
        "type": "github"
      }
    },
    "nixpkgs_5": {
      "locked": {
        "lastModified": 1777268161,
        "narHash": "sha256-e1tDUQMbFCxCnke314UpghgRqg3FJLtcXFfq/WTRLYI=",
        "rev": "1c3fe55ad329cbcb28471bb30f05c9827f724c76",
        "type": "tarball",
        "url": "https://releases.nixos.org/nixos/unstable/nixos-26.05pre987561.1c3fe55ad329/nixexprs.tar.xz"
      },
      "original": {
        "type": "tarball",
        "url": "https://channels.nixos.org/nixos-unstable/nixexprs.tar.xz"
      }
    },
    "noctalia": {
      "inputs": {
        "nixpkgs": "nixpkgs_5"
      },
      "locked": {
        "lastModified": 1780429599,
        "narHash": "sha256-mqqTHMsmKpNKLMAkTsaUA+GNn1bEURxxFUj6tz43kes=",
        "owner": "noctalia-dev",
        "repo": "noctalia-shell",
        "rev": "0db76cdd3f197bb3497d3fa7690221bbb16d97c4",
        "type": "github"
      },
      "original": {
        "owner": "noctalia-dev",
        "ref": "v5",
        "repo": "noctalia-shell",
        "type": "github"
      }
    },
    "pyproject-build-systems": {
      "inputs": {
        "nixpkgs": [
          "algo-ranch",
          "nixpkgs"
        ],
        "pyproject-nix": [
          "algo-ranch",
          "pyproject-nix"
        ],
        "uv2nix": [
          "algo-ranch",
          "uv2nix"
        ]
      },
      "locked": {
        "lastModified": 1773870109,
        "narHash": "sha256-ZoTdqZP03DcdoyxvpFHCAek4bkPUTUPUF3oCCgc3dP4=",
        "owner": "pyproject-nix",
        "repo": "build-system-pkgs",
        "rev": "b6e74f433b02fa4b8a7965ee24680f4867e2926f",
        "type": "github"
      },
      "original": {
        "owner": "pyproject-nix",
        "repo": "build-system-pkgs",
        "type": "github"
      }
    },
    "pyproject-nix": {
      "inputs": {
        "nixpkgs": [
          "algo-ranch",
          "nixpkgs"
        ]
      },
      "locked": {
        "lastModified": 1776120154,
        "narHash": "sha256-mtIBTmVKzyoFYoAGdd8Cd7iswFna9YQVyjObZLXPO64=",
        "owner": "pyproject-nix",
        "repo": "pyproject.nix",
        "rev": "29dc4e9960d2b7f122b52b155e0e8f87cd5c5c08",
        "type": "github"
      },
      "original": {
        "owner": "pyproject-nix",
        "repo": "pyproject.nix",
        "type": "github"
      }
    },
    "root": {
      "inputs": {
        "algo-ranch": "algo-ranch",
        "eko": "eko",
        "eko-messenger": "eko-messenger",
        "eko-messenger-client": "eko-messenger-client",
        "flake-parts": "flake-parts_2",
        "home-manager": "home-manager",
        "import-tree": "import-tree",
        "kunifiedpush-flake": "kunifiedpush-flake",
        "neovim-nightly": "neovim-nightly",
        "nix-index-database": "nix-index-database",
        "nix-minecraft": "nix-minecraft",
        "nixpkgs": "nixpkgs_4",
        "noctalia": "noctalia",
        "slang-server": "slang-server",
        "sops-nix": "sops-nix",
        "wrapper-modules": "wrapper-modules",
        "zen-browser": "zen-browser"
      }
    },
    "rust-overlay": {
      "inputs": {
        "nixpkgs": [
          "eko-messenger",
          "nixpkgs"
        ]
      },
      "locked": {
        "lastModified": 1762223900,
        "narHash": "sha256-caxpESVH71mdrdihYvQZ9rTZPZqW0GyEG9un7MgpyRM=",
        "owner": "oxalica",
        "repo": "rust-overlay",
        "rev": "cfe1598d69a42a5edb204770e71b8df77efef2c3",
        "type": "github"
      },
      "original": {
        "owner": "oxalica",
        "repo": "rust-overlay",
        "type": "github"
      }
    },
    "slang-server": {
      "inputs": {
        "nixpkgs": [
          "nixpkgs"
        ],
        "utils": "utils"
      },
      "locked": {
        "lastModified": 1775678416,
        "narHash": "sha256-7UzTLMFfWZThIyruMWxtoVkRBe+WWLbr7I3dlMja+XU=",
        "owner": "eliahreeves",
        "repo": "slang-server-flake",
        "rev": "25fe48f864085f52ee63073d8900935dc3394afb",
        "type": "github"
      },
      "original": {
        "owner": "eliahreeves",
        "repo": "slang-server-flake",
        "type": "github"
      }
    },
    "sops-nix": {
      "inputs": {
        "nixpkgs": [
          "nixpkgs"
        ]
      },
      "locked": {
        "lastModified": 1777944972,
        "narHash": "sha256-VfGRo1qTBKOe3s2gOv8LSoA6Fk19PvBlwQ1ECN0Evn8=",
        "owner": "Mic92",
        "repo": "sops-nix",
        "rev": "c591bf665727040c6cc5cb409079acb22dcce33c",
        "type": "github"
      },
      "original": {
        "owner": "Mic92",
        "repo": "sops-nix",
        "type": "github"
      }
    },
    "systems": {
      "locked": {
        "lastModified": 1681028828,
        "narHash": "sha256-Vy1rq5AaRuLzOxct8nz4T6wlgyUR7zLU309k9mBC768=",
        "owner": "nix-systems",
        "repo": "default",
        "rev": "da67096a3b9bf56a91d16901293e51ba5b49a27e",
        "type": "github"
      },
      "original": {
        "owner": "nix-systems",
        "repo": "default",
        "type": "github"
      }
    },
    "systems_2": {
      "locked": {
        "lastModified": 1681028828,
        "narHash": "sha256-Vy1rq5AaRuLzOxct8nz4T6wlgyUR7zLU309k9mBC768=",
        "owner": "nix-systems",
        "repo": "default",
        "rev": "da67096a3b9bf56a91d16901293e51ba5b49a27e",
        "type": "github"
      },
      "original": {
        "owner": "nix-systems",
        "repo": "default",
        "type": "github"
      }
    },
    "systems_3": {
      "locked": {
        "lastModified": 1681028828,
        "narHash": "sha256-Vy1rq5AaRuLzOxct8nz4T6wlgyUR7zLU309k9mBC768=",
        "owner": "nix-systems",
        "repo": "default",
        "rev": "da67096a3b9bf56a91d16901293e51ba5b49a27e",
        "type": "github"
      },
      "original": {
        "owner": "nix-systems",
        "repo": "default",
        "type": "github"
      }
    },
    "utils": {
      "inputs": {
        "systems": "systems_3"
      },
      "locked": {
        "lastModified": 1731533236,
        "narHash": "sha256-l0KFg5HjrsfsO/JpG+r7fRrqm12kzFHyUHqHCVpMMbI=",
        "owner": "numtide",
        "repo": "flake-utils",
        "rev": "11707dc2f618dd54ca8739b309ec4fc024de578b",
        "type": "github"
      },
      "original": {
        "owner": "numtide",
        "repo": "flake-utils",
        "type": "github"
      }
    },
    "uv2nix": {
      "inputs": {
        "nixpkgs": [
          "algo-ranch",
          "nixpkgs"
        ],
        "pyproject-nix": [
          "algo-ranch",
          "pyproject-nix"
        ]
      },
      "locked": {
        "lastModified": 1776114780,
        "narHash": "sha256-aYUgp40qkY7oNSm+G9A/woNYP+eDeFM0bYckfmxEUiY=",
        "owner": "pyproject-nix",
        "repo": "uv2nix",
        "rev": "73ff87a3e489b07b9cf842f917963a9e40d49225",
        "type": "github"
      },
      "original": {
        "owner": "pyproject-nix",
        "repo": "uv2nix",
        "type": "github"
      }
    },
    "wrapper-modules": {
      "inputs": {
        "nixpkgs": [
          "nixpkgs"
        ]
      },
      "locked": {
        "lastModified": 1779886850,
        "narHash": "sha256-Udj+9DzeLccvPKoW9Q8xFdqIhrw2jhYMoqxBv+8iWzo=",
        "owner": "BirdeeHub",
        "repo": "nix-wrapper-modules",
        "rev": "168fd6f514a9f8fa47df4fdcf9ecd61db10aec68",
        "type": "github"
      },
      "original": {
        "owner": "BirdeeHub",
        "repo": "nix-wrapper-modules",
        "type": "github"
      }
    },
    "zen-browser": {
      "inputs": {
        "home-manager": [
          "home-manager"
        ],
        "nixpkgs": [
          "nixpkgs"
        ]
      },
      "locked": {
        "lastModified": 1779918916,
        "narHash": "sha256-hBmE9YbItnP1KTZGRkbpogoBWvtiY13uFOYYKdTV3ww=",
        "owner": "0xc000022070",
        "repo": "zen-browser-flake",
        "rev": "11d313b4ae461745f10f1050d296583dd82135c3",
        "type": "github"
      },
      "original": {
        "owner": "0xc000022070",
        "ref": "beta",
        "repo": "zen-browser-flake",
        "type": "github"
      }
    }
  },
  "root": "root",
  "version": 7
}
